
Microsoft Visual Studio Solution File, Format Version 12.00
# Visual Studio 15
Project("{FAE04EC0-301F-11D3-BF4B-00C04F79EFBC}") = "Adkins_UltimateAsteroid_2v", "Adkins_UltimateAsteroid_2v.csproj", "{F25A239C-1F34-5C43-91C0-CEBE05AB824D}"
EndProject
Global
	GlobalSection(SolutionConfigurationPlatforms) = preSolution
		Debug|Any CPU = Debug|Any CPU
		Release|Any CPU = Release|Any CPU
	EndGlobalSection
	GlobalSection(ProjectConfigurationPlatforms) = postSolution
		{F25A239C-1F34-5C43-91C0-CEBE05AB824D}.Debug|Any CPU.ActiveCfg = Debug|Any CPU
		{F25A239C-1F34-5C43-91C0-CEBE05AB824D}.Debug|Any CPU.Build.0 = Debug|Any CPU
		{F25A239C-1F34-5C43-91C0-CEBE05AB824D}.Release|Any CPU.ActiveCfg = Release|Any CPU
		{F25A239C-1F34-5C43-91C0-CEBE05AB824D}.Release|Any CPU.Build.0 = Release|Any CPU
	EndGlobalSection
	GlobalSection(SolutionProperties) = preSolution
		HideSolutionNode = FALSE
	EndGlobalSection
EndGlobal
